filippo.io/edwards25519 v1.1.0 h1:FNf4tywRC1HmFuKW5xopWpigGjJKiJSV0Cqo0cJWDaA=
filippo.io/edwards25519 v1.1.0/go.mod h1:BxyFTGdWcka3PhytdK4V28tE5sGfRvvvRV7EaN4VDT4=
github.com/davecgh/go-spew v1.1.1 h1:vj9j/u1bqnvCEfJOwUhtlOARqs3+rkHYY13jYWTU97c=
github.com/davecgh/go-spew v1.1.1/go.mod h1:J7Y8YcW2NihsgmVo/mv3lAwl/skON4iLHjSsI+c5H38=
github.com/go-sql-driver/mysql v1.9.1 h1:FrjNGn/BsJQjVRuSa8CBrM5BWA9BWoXXat3KrtSb/iI=
github.com/go-sql-driver/mysql v1.9.1/go.mod h1:qn46aNg1333BRMNU69Lq93t8du/dwxI64Gl8i5p1WMU=
github.com/golang/glog v1.2.4 h1:CNNw5U8lSiiBk7druxtSHHTsRWcxKoac6kZKm2peBBc=
github.com/golang/glog v1.2.4/go.mod h1:6AhwSGph0fcJtXVM/PEHPqZlFeoLxhs7/t5UDAwmO+w=
github.com/google/go-cmp v0.6.0 h1:ofyhxvXcZhMsU5ulbFiLKl/XBFqE1GSq7atu8tAmTRI=
github.com/google/go-cmp v0.6.0/go.mod h1:17dUlkBOakJ0+DkrSSNjCkIjxS6bF9zb3elmeNGIjoY=
github.com/huandu/go-assert v1.1.6 h1:oaAfYxq9KNDi9qswn/6aE0EydfxSa+tWZC1KabNitYs=
github.com/huandu/go-assert v1.1.6/go.mod h1:JuIfbmYG9ykwvuxoJ3V8TB5QP+3+ajIA54Y44TmkMxs=
github.com/kenshaw/snaker v0.4.2 h1:OJO75Nyjq7JASpcfB8Z458L6iJXi63YMHu0drq6prtg=
github.com/kenshaw/snaker v0.4.2/go.mod h1:SChlK7Kp/gq+iwlBqzIW4rimhwpw40HGqRtZbn38M+w=
github.com/yangsai7/go-mysql v0.0.0-20250326062945-86efc4e3f037 h1:m8+urv4sSL4EURkIBKi0pP51I+fF7+SKIjMRQlMVWQg=
github.com/yangsai7/go-mysql v0.0.0-20250326062945-86efc4e3f037/go.mod h1:fd0rGvpTi00ycCL08f6xG8NwR/+rNI1UK3Azk2HkapU=
github.com/yangsai7/go-sqlbuilder v0.0.0-20250326063412-ca998a270a2a h1:Q7iEcRDJoOm5cnSxLj2LhpkETkhO7/8wGplK4kzEKbw=
github.com/yangsai7/go-sqlbuilder v0.0.0-20250326063412-ca998a270a2a/go.mod h1:FxK1AFVzcwc6DwCiIZfcxt68GdSn6WML/xbxhEx/0UU=
